// !$*UTF8*$!
{
	archiveVersion = 1;
	classes = {
	};
	objectVersion = 48;
	objects = {

/* Begin PBXBuildFile section */
		AD680C311FA6467A0000AFF5 /* AppDelegate.m in Sources */ = {isa = PBXBuildFile; fileRef = AD680C301FA6467A0000AFF5 /* AppDelegate.m */; };
		AD680C341FA6467A0000AFF5 /* ViewController.m in Sources */ = {isa = PBXBuildFile; fileRef = AD680C331FA6467A0000AFF5 /* ViewController.m */; };
		AD680C371FA6467A0000AFF5 /* Main.storyboard in Resources */ = {isa = PBXBuildFile; fileRef = AD680C351FA6467A0000AFF5 /* Main.storyboard */; };
		AD680C391FA6467A0000AFF5 /* Assets.xcassets in Resources */ = {isa = PBXBuildFile; fileRef = AD680C381FA6467A0000AFF5 /* Assets.xcassets */; };
		AD680C3C1FA6467A0000AFF5 /* LaunchScreen.storyboard in Resources */ = {isa = PBXBuildFile; fileRef = AD680C3A1FA6467A0000AFF5 /* LaunchScreen.storyboard */; };
		AD680C3F1FA6467A0000AFF5 /* main.m in Sources */ = {isa = PBXBuildFile; fileRef = AD680C3E1FA6467A0000AFF5 /* main.m */; };
		AD680C491FA6467A0000AFF5 /* MyGameTests.m in Sources */ = {isa = PBXBuildFile; fileRef = AD680C481FA6467A0000AFF5 /* MyGameTests.m */; };
		AD680C541FA6467A0000AFF5 /* MyGameUITests.m in Sources */ = {isa = PBXBuildFile; fileRef = AD680C531FA6467A0000AFF5 /* MyGameUITests.m */; };
/* End PBXBuildFile section */

/* Begin PBXContainerItemProxy section */
		AD680C451FA6467A0000AFF5 /* PBXContainerItemProxy */ = {
			isa = PBXContainerItemProxy;
			containerPortal = AD680C241FA6467A0000AFF5 /* Project object */;
			proxyType = 1;
			remoteGlobalIDString = AD680C2B1FA6467A0000AFF5;
			remoteInfo = MyGame;
		};
		AD680C501FA6467A0000AFF5 /* PBXContainerItemProxy */ = {
			isa = PBXContainerItemProxy;
			containerPortal = AD680C241FA6467A0000AFF5 /* Project object */;
			proxyType = 1;
			remoteGlobalIDString = AD680C2B1FA6467A0000AFF5;
			remoteInfo = MyGame;
		};
/* End PBXContainerItemProxy section */

/* Begin PBXFileReference section */
		AD680C2C1FA6467A0000AFF5 /* MyGame.app */ = {isa = PBXFileReference; explicitFileType = wrapper.application; includeInIndex = 0; path = MyGame.app; sourceTree = BUILT_PRODUCTS_DIR; };
		AD680C2F1FA6467A0000AFF5 /* AppDelegate.h */ = {isa = PBXFileReference; lastKnownFileType = sourcecode.c.h; path = AppDelegate.h; sourceTree = "<group>"; };
		AD680C301FA6467A0000AFF5 /* AppDelegate.m */ = {isa = PBXFileReference; lastKnownFileType = sourcecode.c.objc; path = AppDelegate.m; sourceTree = "<group>"; };
		AD680C321FA6467A0000AFF5 /* ViewController.h */ = {isa = PBXFileReference; lastKnownFileType = sourcecode.c.h; path = ViewController.h; sourceTree = "<group>"; };
		AD680C331FA6467A0000AFF5 /* ViewController.m */ = {isa = PBXFileReference; lastKnownFileType = sourcecode.c.objc; path = ViewController.m; sourceTree = "<group>"; };
		AD680C361FA6467A0000AFF5 /* Base */ = {isa = PBXFileReference; lastKnownFileType = file.storyboard; name = Base; path = Base.lproj/Main.storyboard; sourceTree = "<group>"; };
		AD680C381FA6467A0000AFF5 /* Assets.xcassets */ = {isa = PBXFileReference; lastKnownFileType = folder.assetcatalog; path = Assets.xcassets; sourceTree = "<group>"; };
		AD680C3B1FA6467A0000AFF5 /* Base */ = {isa = PBXFileReference; lastKnownFileType = file.storyboard; name = Base; path = Base.lproj/LaunchScreen.storyboard; sourceTree = "<group>"; };
		AD680C3D1FA6467A0000AFF5 /* Info.plist */ = {isa = PBXFileReference; lastKnownFileType = text.plist.xml; path = Info.plist; sourceTree = "<group>"; };
		AD680C3E1FA6467A0000AFF5 /* main.m */ = {isa = PBXFileReference; lastKnownFileType = sourcecode.c.objc; path = main.m; sourceTree = "<group>"; };
		AD680C441FA6467A0000AFF5 /* MyGameTests.xctest */ = {isa = PBXFileReference; explicitFileType = wrapper.cfbundle; includeInIndex = 0; path = MyGameTests.xctest; sourceTree = BUILT_PRODUCTS_DIR; };
		AD680C481FA6467A0000AFF5 /* MyGameTests.m */ = {isa = PBXFileReference; lastKnownFileType = sourcecode.c.objc; path = MyGameTests.m; sourceTree = "<group>"; };
		AD680C4A1FA6467A0000AFF5 /* Info.plist */ = {isa = PBXFileReference; lastKnownFileType = text.plist.xml; path = Info.plist; sourceTree = "<group>"; };
		AD680C4F1FA6467A0000AFF5 /* MyGameUITests.xctest */ = {isa = PBXFileReference; explicitFileType = wrapper.cfbundle; includeInIndex = 0; path = MyGameUITests.xctest; sourceTree = BUILT_PRODUCTS_DIR; };
		AD680C531FA6467A0000AFF5 /* MyGameUITests.m */ = {isa = PBXFileReference; lastKnownFileType = sourcecode.c.objc; path = MyGameUITests.m; sourceTree = "<group>"; };
		AD680C551FA6467A0000AFF5 /* Info.plist */ = {isa = PBXFileReference; lastKnownFileType = text.plist.xml; path = Info.plist; sourceTree = "<group>"; };
/* End PBXFileReference section */

/* Begin PBXFrameworksBuildPhase section */
		AD680C291FA6467A0000AFF5 /* Frameworks */ = {
			isa = PBXFrameworksBuildPhase;
			buildActionMask = 2147483647;
			files = (
			);
			runOnlyForDeploymentPostprocessing = 0;
		};
		AD680C411FA6467A0000AFF5 /* Frameworks */ = {
			isa = PBXFrameworksBuildPhase;
			buildActionMask = 2147483647;
			files = (
			);
			runOnlyForDeploymentPostprocessing = 0;
		};
		AD680C4C1FA6467A0000AFF5 /* Frameworks */ = {
			isa = PBXFrameworksBuildPhase;
			buildActionMask = 2147483647;
			files = (
			);
			runOnlyForDeploymentPostprocessing = 0;
		};
/* End PBXFrameworksBuildPhase section */

/* Begin PBXGroup section */
		AD680C231FA6467A0000AFF5 = {
			isa = PBXGroup;
			children = (
				AD680C2E1FA6467A0000AFF5 /* MyGame */,
				AD680C471FA6467A0000AFF5 /* MyGameTests */,
				AD680C521FA6467A0000AFF5 /* MyGameUITests */,
				AD680C2D1FA6467A0000AFF5 /* Products */,
			);
			sourceTree = "<group>";
		};
		AD680C2D1FA6467A0000AFF5 /* Products */ = {
			isa = PBXGroup;
			children = (
				AD680C2C1FA6467A0000AFF5 /* MyGame.app */,
				AD680C441FA6467A0000AFF5 /* MyGameTests.xctest */,
				AD680C4F1FA6467A0000AFF5 /* MyGameUITests.xctest */,
			);
			name = Products;
			sourceTree = "<group>";
		};
		AD680C2E1FA6467A0000AFF5 /* MyGame */ = {
			isa = PBXGroup;
			children = (
				AD680C2F1FA6467A0000AFF5 /* AppDelegate.h */,
				AD680C301FA6467A0000AFF5 /* AppDelegate.m */,
				AD680C321FA6467A0000AFF5 /* ViewController.h */,
				AD680C331FA6467A0000AFF5 /* ViewController.m */,
				AD680C351FA6467A0000AFF5 /* Main.storyboard */,
				AD680C381FA6467A0000AFF5 /* Assets.xcassets */,
				AD680C3A1FA6467A0000AFF5 /* LaunchScreen.storyboard */,
				AD680C3D1FA6467A0000AFF5 /* Info.plist */,
				AD680C3E1FA6467A0000AFF5 /* main.m */,
			);
			path = MyGame;
			sourceTree = "<group>";
		};
		AD680C471FA6467A0000AFF5 /* MyGameTests */ = {
			isa = PBXGroup;
			children = (
				AD680C481FA6467A0000AFF5 /* MyGameTests.m */,
				AD680C4A1FA6467A0000AFF5 /* Info.plist */,
			);
			path = MyGameTests;
			sourceTree = "<group>";
		};
		AD680C521FA6467A0000AFF5 /* MyGameUITests */ = {
			isa = PBXGroup;
			children = (
				AD680C531FA6467A0000AFF5 /* MyGameUITests.m */,
				AD680C551FA6467A0000AFF5 /* Info.plist */,
			);
			path = MyGameUITests;
			sourceTree = "<group>";
		};
/* End PBXGroup section */

/* Begin PBXNativeTarget section */
		AD680C2B1FA6467A0000AFF5 /* MyGame */ = {
			isa = PBXNativeTarget;
			buildConfigurationList = AD680C581FA6467A0000AFF5 /* Build configuration list for PBXNativeTarget "MyGame" */;
			buildPhases = (
				AD680C281FA6467A0000AFF5 /* Sources */,
				AD680C291FA6467A0000AFF5 /* Frameworks */,
				AD680C2A1FA6467A0000AFF5 /* Resources */,
			);
			buildRules = (
			);
			dependencies = (
			);
			name = MyGame;
			productName = MyGame;
			productReference = AD680C2C1FA6467A0000AFF5 /* MyGame.app */;
			productType = "com.apple.product-type.application";
		};
		AD680C431FA6467A0000AFF5 /* MyGameTests */ = {
			isa = PBXNativeTarget;
			buildConfigurationList = AD680C5B1FA6467A0000AFF5 /* Build configuration list for PBXNativeTarget "MyGameTests" */;
			buildPhases = (
				AD680C401FA6467A0000AFF5 /* Sources */,
				AD680C411FA6467A0000AFF5 /* Frameworks */,
				AD680C421FA6467A0000AFF5 /* Resources */,
			);
			buildRules = (
			);
			dependencies = (
				AD680C461FA6467A0000AFF5 /* PBXTargetDependency */,
			);
			name = MyGameTests;
			productName = MyGameTests;
			productReference = AD680C441FA6467A0000AFF5 /* MyGameTests.xctest */;
			productType = "com.apple.product-type.bundle.unit-test";
		};
		AD680C4E1FA6467A0000AFF5 /* MyGameUITests */ = {
			isa = PBXNativeTarget;
			buildConfigurationList = AD680C5E1FA6467A0000AFF5 /* Build configuration list for PBXNativeTarget "MyGameUITests" */;
			buildPhases = (
				AD680C4B1FA6467A0000AFF5 /* Sources */,
				AD680C4C1FA6467A0000AFF5 /* Frameworks */,
				AD680C4D1FA6467A0000AFF5 /* Resources */,
			);
			buildRules = (
			);
			dependencies = (
				AD680C511FA6467A0000AFF5 /* PBXTargetDependency */,
			);
			name = MyGameUITests;
			productName = MyGameUITests;
			productReference = AD680C4F1FA6467A0000AFF5 /* MyGameUITests.xctest */;
			productType = "com.apple.product-type.bundle.ui-testing";
		};
/* End PBXNativeTarget section */

/* Begin PBXProject section */
		AD680C241FA6467A0000AFF5 /* Project object */ = {
			isa = PBXProject;
			attributes = {
				LastUpgradeCheck = 0900;
				ORGANIZATIONNAME = Marko;
				TargetAttributes = {
					AD680C2B1FA6467A0000AFF5 = {
						CreatedOnToolsVersion = 9.0.1;
						ProvisioningStyle = Automatic;
					};
					AD680C431FA6467A0000AFF5 = {
						CreatedOnToolsVersion = 9.0.1;
						ProvisioningStyle = Automatic;
						TestTargetID = AD680C2B1FA6467A0000AFF5;
					};
					AD680C4E1FA6467A0000AFF5 = {
						CreatedOnToolsVersion = 9.0.1;
						ProvisioningStyle = Automatic;
						TestTargetID = AD680C2B1FA6467A0000AFF5;
					};
				};
			};
			buildConfigurationList = AD680C271FA6467A0000AFF5 /* Build configuration list for PBXProject "MyGame" */;
			compatibilityVersion = "Xcode 8.0";
			developmentRegion = en;
			hasScannedForEncodings = 0;
			knownRegions = (
				en,
				Base,
			);
			mainGroup = AD680C231FA6467A0000AFF5;
			productRefGroup = AD680C2D1FA6467A0000AFF5 /* Products */;
			projectDirPath = "";
			projectRoot = "";
			targets = (
				AD680C2B1FA6467A0000AFF5 /* MyGame */,
				AD680C431FA6467A0000AFF5 /* MyGameTests */,
				AD680C4E1FA6467A0000AFF5 /* MyGameUITests */,
			);
		};
/* End PBXProject section */

/* Begin PBXResourcesBuildPhase section */
		AD680C2A1FA6467A0000AFF5 /* Resources */ = {
			isa = PBXResourcesBuildPhase;
			buildActionMask = 2147483647;
			files = (
				AD680C3C1FA6467A0000AFF5 /* LaunchScreen.storyboard in Resources */,
				AD680C391FA6467A0000AFF5 /* Assets.xcassets in Resources */,
				AD680C371FA6467A0000AFF5 /* Main.storyboard in Resources */,
			);
			runOnlyForDeploymentPostprocessing = 0;
		};
		AD680C421FA6467A0000AFF5 /* Resources */ = {
			isa = PBXResourcesBuildPhase;
			buildActionMask = 2147483647;
			files = (
			);
			runOnlyForDeploymentPostprocessing = 0;
		};
		AD680C4D1FA6467A0000AFF5 /* Resources */ = {
			isa = PBXResourcesBuildPhase;
			buildActionMask = 2147483647;
			files = (
			);
			runOnlyForDeploymentPostprocessing = 0;
		};
/* End PBXResourcesBuildPhase section */

/* Begin PBXSourcesBuildPhase section */
		AD680C281FA6467A0000AFF5 /* Sources */ = {
			isa = PBXSourcesBuildPhase;
			buildActionMask = 2147483647;
			files = (
				AD680C341FA6467A0000AFF5 /* ViewController.m in Sources */,
				AD680C3F1FA6467A0000AFF5 /* main.m in Sources */,
				AD680C311FA6467A0000AFF5 /* AppDelegate.m in Sources */,
			);
			runOnlyForDeploymentPostprocessing = 0;
		};
		AD680C401FA6467A0000AFF5 /* Sources */ = {
			isa = PBXSourcesBuildPhase;
			buildActionMask = 2147483647;
			files = (
				AD680C491FA6467A0000AFF5 /* MyGameTests.m in Sources */,
			);
			runOnlyForDeploymentPostprocessing = 0;
		};
		AD680C4B1FA6467A0000AFF5 /* Sources */ = {
			isa = PBXSourcesBuildPhase;
			buildActionMask = 2147483647;
			files = (
				AD680C541FA6467A0000AFF5 /* MyGameUITests.m in Sources */,
			);
			runOnlyForDeploymentPostprocessing = 0;
		};
/* End PBXSourcesBuildPhase section */

/* Begin PBXTargetDependency section */
		AD680C461FA6467A0000AFF5 /* PBXTargetDependency */ = {
			isa = PBXTargetDependency;
			target = AD680C2B1FA6467A0000AFF5 /* MyGame */;
			targetProxy = AD680C451FA6467A0000AFF5 /* PBXContainerItemProxy */;
		};
		AD680C511FA6467A0000AFF5 /* PBXTargetDependency */ = {
			isa = PBXTargetDependency;
			target = AD680C2B1FA6467A0000AFF5 /* MyGame */;
			targetProxy = AD680C501FA6467A0000AFF5 /* PBXContainerItemProxy */;
		};
/* End PBXTargetDependency section */

/* Begin PBXVariantGroup section */
		AD680C351FA6467A0000AFF5 /* Main.storyboard */ = {
			isa = PBXVariantGroup;
			children = (
				AD680C361FA6467A0000AFF5 /* Base */,
			);
			name = Main.storyboard;
			sourceTree = "<group>";
		};
		AD680C3A1FA6467A0000AFF5 /* LaunchScreen.storyboard */ = {
			isa = PBXVariantGroup;
			children = (
				AD680C3B1FA6467A0000AFF5 /* Base */,
			);
			name = LaunchScreen.storyboard;
			sourceTree = "<group>";
		};
/* End PBXVariantGroup section */

/* Begin XCBuildConfiguration section */
		AD680C561FA6467A0000AFF5 /* Debug */ = {
			isa = XCBuildConfiguration;
			buildSettings = {
				ALWAYS_SEARCH_USER_PATHS = NO;
				CLANG_ANALYZER_NONNULL = YES;
				CLANG_ANALYZER_NUMBER_OBJECT_CONVERSION = YES_AGGRESSIVE;
				CLANG_CXX_LANGUAGE_STANDARD = "gnu++14";
				CLANG_CXX_LIBRARY = "libc++";
				CLANG_ENABLE_MODULES = YES;
				CLANG_ENABLE_OBJC_ARC = YES;
				CLANG_WARN_BLOCK_CAPTURE_AUTORELEASING = YES;
				CLANG_WARN_BOOL_CONVERSION = YES;
				CLANG_WARN_COMMA = YES;
				CLANG_WARN_CONSTANT_CONVERSION = YES;
				CLANG_WARN_DIRECT_OBJC_ISA_USAGE = YES_ERROR;
				CLANG_WARN_DOCUMENTATION_COMMENTS = YES;
				CLANG_WARN_EMPTY_BODY = YES;
				CLANG_WARN_ENUM_CONVERSION = YES;
				CLANG_WARN_INFINITE_RECURSION = YES;
				CLANG_WARN_INT_CONVERSION = YES;
				CLANG_WARN_NON_LITERAL_NULL_CONVERSION = YES;
				CLANG_WARN_OBJC_LITERAL_CONVERSION = YES;
				CLANG_WARN_OBJC_ROOT_CLASS = YES_ERROR;
				CLANG_WARN_RANGE_LOOP_ANALYSIS = YES;
				CLANG_WARN_STRICT_PROTOTYPES = YES;
				CLANG_WARN_SUSPICIOUS_MOVE = YES;
				CLANG_WARN_UNGUARDED_AVAILABILITY = YES_AGGRESSIVE;
				CLANG_WARN_UNREACHABLE_CODE = YES;
				CLANG_WARN__DUPLICATE_METHOD_MATCH = YES;
				CODE_SIGN_IDENTITY = "iPhone Developer";
				COPY_PHASE_STRIP = NO;
				DEBUG_INFORMATION_FORMAT = dwarf;
				ENABLE_STRICT_OBJC_MSGSEND = YES;
				ENABLE_TESTABILITY = YES;
				GCC_C_LANGUAGE_STANDARD = gnu11;
				GCC_DYNAMIC_NO_PIC = NO;
				GCC_NO_COMMON_BLOCKS = YES;
				GCC_OPTIMIZATION_LEVEL = 0;
				GCC_PREPROCESSOR_DEFINITIONS = (
					"DEBUG=1",
					"$(inherited)",
				);
				GCC_WARN_64_TO_32_BIT_CONVERSION = YES;
				GCC_WARN_ABOUT_RETURN_TYPE = YES_ERROR;
				GCC_WARN_UNDECLARED_SELECTOR = YES;
				GCC_WARN_UNINITIALIZED_AUTOS = YES_AGGRESSIVE;
				GCC_WARN_UNUSED_FUNCTION = YES;
				GCC_WARN_UNUSED_VARIABLE = YES;
				IPHONEOS_DEPLOYMENT_TARGET = 11.0;
				MTL_ENABLE_DEBUG_INFO = YES;
				ONLY_ACTIVE_ARCH = YES;
				SDKROOT = iphoneos;
			};
			name = Debug;
		};
		AD680C571FA6467A0000AFF5 /* Release */ = {
			isa = XCBuildConfiguration;
			buildSettings = {
				ALWAYS_SEARCH_USER_PATHS = NO;
				CLANG_ANALYZER_NONNULL = YES;
				CLANG_ANALYZER_NUMBER_OBJECT_CONVERSION = YES_AGGRESSIVE;
				CLANG_CXX_LANGUAGE_STANDARD = "gnu++14";
				CLANG_CXX_LIBRARY = "libc++";
				CLANG_ENABLE_MODULES = YES;
				CLANG_ENABLE_OBJC_ARC = YES;
				CLANG_WARN_BLOCK_CAPTURE_AUTORELEASING = YES;
				CLANG_WARN_BOOL_CONVERSION = YES;
				CLANG_WARN_COMMA = YES;
				CLANG_WARN_CONSTANT_CONVERSION = YES;
				CLANG_WARN_DIRECT_OBJC_ISA_USAGE = YES_ERROR;
				CLANG_WARN_DOCUMENTATION_COMMENTS = YES;
				CLANG_WARN_EMPTY_BODY = YES;
				CLANG_WARN_ENUM_CONVERSION = YES;
				CLANG_WARN_INFINITE_RECURSION = YES;
				CLANG_WARN_INT_CONVERSION = YES;
				CLANG_WARN_NON_LITERAL_NULL_CONVERSION = YES;
				CLANG_WARN_OBJC_LITERAL_CONVERSION = YES;
				CLANG_WARN_OBJC_ROOT_CLASS = YES_ERROR;
				CLANG_WARN_RANGE_LOOP_ANALYSIS = YES;
				CLANG_WARN_STRICT_PROTOTYPES = YES;
				CLANG_WARN_SUSPICIOUS_MOVE = YES;
				CLANG_WARN_UNGUARDED_AVAILABILITY = YES_AGGRESSIVE;
				CLANG_WARN_UNREACHABLE_CODE = YES;
				CLANG_WARN__DUPLICATE_METHOD_MATCH = YES;
				CODE_SIGN_IDENTITY = "iPhone Developer";
				COPY_PHASE_STRIP = NO;
				DEBUG_INFORMATION_FORMAT = "dwarf-with-dsym";
				ENABLE_NS_ASSERTIONS = NO;
				ENABLE_STRICT_OBJC_MSGSEND = YES;
				GCC_C_LANGUAGE_STANDARD = gnu11;
				GCC_NO_COMMON_BLOCKS = YES;
				GCC_WARN_64_TO_32_BIT_CONVERSION = YES;
				GCC_WARN_ABOUT_RETURN_TYPE = YES_ERROR;
				GCC_WARN_UNDECLARED_SELECTOR = YES;
				GCC_WARN_UNINITIALIZED_AUTOS = YES_AGGRESSIVE;
				GCC_WARN_UNUSED_FUNCTION = YES;
				GCC_WARN_UNUSED_VARIABLE = YES;
				IPHONEOS_DEPLOYMENT_TARGET = 11.0;
				MTL_ENABLE_DEBUG_INFO = NO;
				SDKROOT = iphoneos;
				VALIDATE_PRODUCT = YES;
			};
			name = Release;
		};
		AD680C591FA6467A0000AFF5 /* Debug */ = {
			isa = XCBuildConfiguration;
			buildSettings = {
				ASSETCATALOG_COMPILER_APPICON_NAME = AppIcon;
				CODE_SIGN_STYLE = Automatic;
				INFOPLIST_FILE = MyGame/Info.plist;
				LD_RUNPATH_SEARCH_PATHS = "$(inherited) @executable_path/Frameworks";
				PRODUCT_BUNDLE_IDENTIFIER = ufi.MyGame;
				PRODUCT_NAME = "$(TARGET_NAME)";
				TARGETED_DEVICE_FAMILY = "1,2";
			};
			name = Debug;
		};
		AD680C5A1FA6467A0000AFF5 /* Release */ = {
			isa = XCBuildConfiguration;
			buildSettings = {
				ASSETCATALOG_COMPILER_APPICON_NAME = AppIcon;
				CODE_SIGN_STYLE = Automatic;
				INFOPLIST_FILE = MyGame/Info.plist;
				LD_RUNPATH_SEARCH_PATHS = "$(inherited) @executable_path/Frameworks";
				PRODUCT_BUNDLE_IDENTIFIER = ufi.MyGame;
				PRODUCT_NAME = "$(TARGET_NAME)";
				TARGETED_DEVICE_FAMILY = "1,2";
			};
			name = Release;
		};
		AD680C5C1FA6467A0000AFF5 /* Debug */ = {
			isa = XCBuildConfiguration;
			buildSettings = {
				BUNDLE_LOADER = "$(TEST_HOST)";
				CODE_SIGN_STYLE = Automatic;
				INFOPLIST_FILE = MyGameTests/Info.plist;
				LD_RUNPATH_SEARCH_PATHS = "$(inherited) @executable_path/Frameworks @loader_path/Frameworks";
				PRODUCT_BUNDLE_IDENTIFIER = ufi.MyGameTests;
				PRODUCT_NAME = "$(TARGET_NAME)";
				TARGETED_DEVICE_FAMILY = "1,2";
				TEST_HOST = "$(BUILT_PRODUCTS_DIR)/MyGame.app/MyGame";
			};
			name = Debug;
		};
		AD680C5D1FA6467A0000AFF5 /* Release */ = {
			isa = XCBuildConfiguration;
			buildSettings = {
				BUNDLE_LOADER = "$(TEST_HOST)";
				CODE_SIGN_STYLE = Automatic;
				INFOPLIST_FILE = MyGameTests/Info.plist;
				LD_RUNPATH_SEARCH_PATHS = "$(inherited) @executable_path/Frameworks @loader_path/Frameworks";
				PRODUCT_BUNDLE_IDENTIFIER = ufi.MyGameTests;
				PRODUCT_NAME = "$(TARGET_NAME)";
				TARGETED_DEVICE_FAMILY = "1,2";
				TEST_HOST = "$(BUILT_PRODUCTS_DIR)/MyGame.app/MyGame";
			};
			name = Release;
		};
		AD680C5F1FA6467A0000AFF5 /* Debug */ = {
			isa = XCBuildConfiguration;
			buildSettings = {
				CODE_SIGN_STYLE = Automatic;
				INFOPLIST_FILE = MyGameUITests/Info.plist;
				LD_RUNPATH_SEARCH_PATHS = "$(inherited) @executable_path/Frameworks @loader_path/Frameworks";
				PRODUCT_BUNDLE_IDENTIFIER = ufi.MyGameUITests;
				PRODUCT_NAME = "$(TARGET_NAME)";
				TARGETED_DEVICE_FAMILY = "1,2";
				TEST_TARGET_NAME = MyGame;
			};
			name = Debug;
		};
		AD680C601FA6467A0000AFF5 /* Release */ = {
			isa = XCBuildConfiguration;
			buildSettings = {
				CODE_SIGN_STYLE = Automatic;
				INFOPLIST_FILE = MyGameUITests/Info.plist;
				LD_RUNPATH_SEARCH_PATHS = "$(inherited) @executable_path/Frameworks @loader_path/Frameworks";
				PRODUCT_BUNDLE_IDENTIFIER = ufi.MyGameUITests;
				PRODUCT_NAME = "$(TARGET_NAME)";
				TARGETED_DEVICE_FAMILY = "1,2";
				TEST_TARGET_NAME = MyGame;
			};
			name = Release;
		};
/* End XCBuildConfiguration section */

/* Begin XCConfigurationList section */
		AD680C271FA6467A0000AFF5 /* Build configuration list for PBXProject "MyGame" */ = {
			isa = XCConfigurationList;
			buildConfigurations = (
				AD680C561FA6467A0000AFF5 /* Debug */,
				AD680C571FA6467A0000AFF5 /* Release */,
			);
			defaultConfigurationIsVisible = 0;
			defaultConfigurationName = Release;
		};
		AD680C581FA6467A0000AFF5 /* Build configuration list for PBXNativeTarget "MyGame" */ = {
			isa = XCConfigurationList;
			buildConfigurations = (
				AD680C591FA6467A0000AFF5 /* Debug */,
				AD680C5A1FA6467A0000AFF5 /* Release */,
			);
			defaultConfigurationIsVisible = 0;
			defaultConfigurationName = Release;
		};
		AD680C5B1FA6467A0000AFF5 /* Build configuration list for PBXNativeTarget "MyGameTests" */ = {
			isa = XCConfigurationList;
			buildConfigurations = (
				AD680C5C1FA6467A0000AFF5 /* Debug */,
				AD680C5D1FA6467A0000AFF5 /* Release */,
			);
			defaultConfigurationIsVisible = 0;
			defaultConfigurationName = Release;
		};
		AD680C5E1FA6467A0000AFF5 /* Build configuration list for PBXNativeTarget "MyGameUITests" */ = {
			isa = XCConfigurationList;
			buildConfigurations = (
				AD680C5F1FA6467A0000AFF5 /* Debug */,
				AD680C601FA6467A0000AFF5 /* Release */,
			);
			defaultConfigurationIsVisible = 0;
			defaultConfigurationName = Release;
		};
/* End XCConfigurationList section */
	};
	rootObject = AD680C241FA6467A0000AFF5 /* Project object */;
}
